{
  "name": "docs-inclusive-learning",
  "version": "0.0.1-SNAPSHOT",
  "lockfileVersion": 1,
  "requires": true,
  "dependencies": {
    "URIjs": {
      "version": "1.16.1",
      "resolved": "https://registry.npmjs.org/URIjs/-/URIjs-1.16.1.tgz",
      "integrity": "sha1-7evGeLi3SyawXStIHhI4P1rgS4s="
    },
    "ambi": {
      "version": "2.5.0",
      "resolved": "https://registry.npmjs.org/ambi/-/ambi-2.5.0.tgz",
      "integrity": "sha1-fI43K+SIkRV+fOoBy2+RQ9H3QiA=",
      "requires": {
        "editions": "1.3.4",
        "typechecker": "4.5.0"
      },
      "dependencies": {
        "typechecker": {
          "version": "4.5.0",
          "resolved": "https://registry.npmjs.org/typechecker/-/typechecker-4.5.0.tgz",
          "integrity": "sha512-bqPE/ck3bVIaXP7gMKTKSHrypT32lpYTpiqzPYeYzdSQnmaGvaGhy7TnN/M/+5R+2rs/kKcp9ZLPRp/Q9Yj+4w==",
          "requires": {
            "editions": "1.3.4"
          }
        }
      }
    },
    "amdefine": {
      "version": "1.0.1",
      "resolved": "https://registry.npmjs.org/amdefine/-/amdefine-1.0.1.tgz",
      "integrity": "sha1-SlKCrBZHKek2Gbz9OtFR+BfOkfU="
    },
    "async": {
      "version": "0.2.10",
      "resolved": "https://registry.npmjs.org/async/-/async-0.2.10.tgz",
      "integrity": "sha1-trvgsGdLnXGXCMo43owjfLUmw9E=",
      "optional": true
    },
    "autoprefixer-core": {
      "version": "4.0.2",
      "resolved": "https://registry.npmjs.org/autoprefixer-core/-/autoprefixer-core-4.0.2.tgz",
      "integrity": "sha1-Qpjjko37pY0eM6D0PWizwxUItv4=",
      "requires": {
        "caniuse-db": "1.0.30000819",
        "postcss": "3.0.7"
      }
    },
    "autoprefixer-stylus": {
      "version": "0.5.0",
      "resolved": "https://registry.npmjs.org/autoprefixer-stylus/-/autoprefixer-stylus-0.5.0.tgz",
      "integrity": "sha1-hqdnDXND3RIeILPffMRF2/lNGBw=",
      "requires": {
        "autoprefixer-core": "4.0.2",
        "multi-stage-sourcemap": "0.2.1"
      }
    },
    "bal-util": {
      "version": "2.4.3",
      "resolved": "https://registry.npmjs.org/bal-util/-/bal-util-2.4.3.tgz",
      "integrity": "sha1-emhx0491ek4+prVKOBzOYhZq4rQ=",
      "requires": {
        "ambi": "2.2.0",
        "eachr": "2.0.4",
        "extendr": "2.1.0",
        "extract-opts": "2.2.0",
        "ignorefs": "1.2.0",
        "safefs": "3.2.2",
        "taskgroup": "4.3.1",
        "typechecker": "2.1.0"
      },
      "dependencies": {
        "ambi": {
          "version": "2.2.0",
          "resolved": "https://registry.npmjs.org/ambi/-/ambi-2.2.0.tgz",
          "integrity": "sha1-L0O5EvujbJKIAvoiOilv/9b0Rm4=",
          "requires": {
            "typechecker": "2.0.8"
          },
          "dependencies": {
            "typechecker": {
              "version": "2.0.8",
              "resolved": "https://registry.npmjs.org/typechecker/-/typechecker-2.0.8.tgz",
              "integrity": "sha1-6D2oS7ZMWEzLNFg4V2xAsDN9uC4="
            }
          }
        }
      }
    },
    "balanced-match": {
      "version": "1.0.0",
      "resolved": "https://registry.npmjs.org/balanced-match/-/balanced-match-1.0.0.tgz",
      "integrity": "sha1-ibTRmasr7kneFk6gK4nORi1xt2c="
    },
    "brace-expansion": {
      "version": "1.1.11",
      "resolved": "https://registry.npmjs.org/brace-expansion/-/brace-expansion-1.1.11.tgz",
      "integrity": "sha512-iCuPHDFgrHX7H2vEI/5xpz07zSHB00TpugqhmYtVmMO6518mCuRMoOYFldEBl0g187ufozdaHgWKcYFb61qGiA==",
      "requires": {
        "balanced-match": "1.0.0",
        "concat-map": "0.0.1"
      }
    },
    "caniuse-db": {
      "version": "1.0.30000819",
      "resolved": "https://registry.npmjs.org/caniuse-db/-/caniuse-db-1.0.30000819.tgz",
      "integrity": "sha1-w7fdVZ5ebWPV3Kpiusa9BMdhlwk="
    },
    "concat-map": {
      "version": "0.0.1",
      "resolved": "https://registry.npmjs.org/concat-map/-/concat-map-0.0.1.tgz",
      "integrity": "sha1-2Klr13/Wjfd5OnMDajug1UBdR3s="
    },
    "csextends": {
      "version": "1.2.0",
      "resolved": "https://registry.npmjs.org/csextends/-/csextends-1.2.0.tgz",
      "integrity": "sha512-S/8k1bDTJIwuGgQYmsRoE+8P+ohV32WhQ0l4zqrc0XDdxOhjQQD7/wTZwCzoZX53jSX3V/qwjT+OkPTxWQcmjg=="
    },
    "css-parse": {
      "version": "1.7.0",
      "resolved": "https://registry.npmjs.org/css-parse/-/css-parse-1.7.0.tgz",
      "integrity": "sha1-Mh9s9zeCpv91ERE5D8BeLGV9jJs="
    },
    "debug": {
      "version": "3.1.0",
      "resolved": "https://registry.npmjs.org/debug/-/debug-3.1.0.tgz",
      "integrity": "sha512-OX8XqP7/1a9cqkxYw2yXss15f26NKWBpDXQd0/uK/KPqdQhxbPa994hnzjcE2VqQpDslf55723cKPUOGSmMY3g==",
      "requires": {
        "ms": "2.0.0"
      }
    },
    "docpad-plugin-ghpages": {
      "version": "2.4.4",
      "resolved": "https://registry.npmjs.org/docpad-plugin-ghpages/-/docpad-plugin-ghpages-2.4.4.tgz",
      "integrity": "sha1-etkW64XsQpDovPBHsJYbDfJCpK0=",
      "requires": {
        "rimraf": "2.6.2",
        "safefs": "3.2.2",
        "safeps": "2.2.13",
        "taskgroup": "4.3.1"
      }
    },
    "docpad-plugin-handlebars": {
      "version": "2.3.0",
      "resolved": "https://registry.npmjs.org/docpad-plugin-handlebars/-/docpad-plugin-handlebars-2.3.0.tgz",
      "integrity": "sha1-LvEnOAbD1XcIFA0hMxeZ4Vd+MCc=",
      "requires": {
        "handlebars": "1.3.0"
      }
    },
    "docpad-plugin-highlightjs": {
      "version": "2.3.0",
      "resolved": "https://registry.npmjs.org/docpad-plugin-highlightjs/-/docpad-plugin-highlightjs-2.3.0.tgz",
      "integrity": "sha1-TD3JSyk6ydlMv+uNSdF43puJ9DU=",
      "requires": {
        "bal-util": "2.4.3",
        "extendr": "2.1.0",
        "he": "0.5.0",
        "highlight.js": "8.3.0"
      }
    },
    "docpad-plugin-marked": {
      "version": "2.3.0",
      "resolved": "https://registry.npmjs.org/docpad-plugin-marked/-/docpad-plugin-marked-2.3.0.tgz",
      "integrity": "sha1-kVHrVz05rhA8NRiSjcDIMj4BorQ=",
      "requires": {
        "marked": "0.3.18"
      }
    },
    "docpad-plugin-stylus": {
      "version": "2.10.0",
      "resolved": "https://registry.npmjs.org/docpad-plugin-stylus/-/docpad-plugin-stylus-2.10.0.tgz",
      "integrity": "sha1-Rh+0JB8NRhC2Te+2UNW9UJNKb/E=",
      "requires": {
        "autoprefixer-stylus": "0.5.0",
        "nib": "1.1.2",
        "stylus": "0.52.4"
      }
    },
    "docs-core": {
      "version": "github:fluid-project/docs-core#40847acb73ad4f00b0206cfb91a53b8924d29c82",
      "requires": {
        "URIjs": "1.16.1"
      }
    },
    "eachr": {
      "version": "2.0.4",
      "resolved": "https://registry.npmjs.org/eachr/-/eachr-2.0.4.tgz",
      "integrity": "sha1-Rm98qhBwj2EFCeMsgHqv5X/BIr8=",
      "requires": {
        "typechecker": "2.1.0"
      }
    },
    "editions": {
      "version": "1.3.4",
      "resolved": "https://registry.npmjs.org/editions/-/editions-1.3.4.tgz",
      "integrity": "sha512-gzao+mxnYDzIysXKMQi/+M1mjy/rjestjg6OPoYTtI+3Izp23oiGZitsl9lPDPiTGXbcSIk1iJWhliSaglxnUg=="
    },
    "extendr": {
      "version": "2.1.0",
      "resolved": "https://registry.npmjs.org/extendr/-/extendr-2.1.0.tgz",
      "integrity": "sha1-MBqgu+pWX00tyPVw8qImEahSe1Y=",
      "requires": {
        "typechecker": "2.0.8"
      },
      "dependencies": {
        "typechecker": {
          "version": "2.0.8",
          "resolved": "https://registry.npmjs.org/typechecker/-/typechecker-2.0.8.tgz",
          "integrity": "sha1-6D2oS7ZMWEzLNFg4V2xAsDN9uC4="
        }
      }
    },
    "extract-opts": {
      "version": "2.2.0",
      "resolved": "https://registry.npmjs.org/extract-opts/-/extract-opts-2.2.0.tgz",
      "integrity": "sha1-H6KOunNSxttID4hc63GkaBC+bX0=",
      "requires": {
        "typechecker": "2.0.8"
      },
      "dependencies": {
        "typechecker": {
          "version": "2.0.8",
          "resolved": "https://registry.npmjs.org/typechecker/-/typechecker-2.0.8.tgz",
          "integrity": "sha1-6D2oS7ZMWEzLNFg4V2xAsDN9uC4="
        }
      }
    },
    "fs.realpath": {
      "version": "1.0.0",
      "resolved": "https://registry.npmjs.org/fs.realpath/-/fs.realpath-1.0.0.tgz",
      "integrity": "sha1-FQStJSMVjKpA20onh8sBQRmU6k8="
    },
    "glob": {
      "version": "7.1.2",
      "resolved": "https://registry.npmjs.org/glob/-/glob-7.1.2.tgz",
      "integrity": "sha512-MJTUg1kjuLeQCJ+ccE4Vpa6kKVXkPYJ2mOCQyUuKLcLQsdrMCpBPUi8qVE6+YuaJkozeA9NusTAw3hLr8Xe5EQ==",
      "requires": {
        "fs.realpath": "1.0.0",
        "inflight": "1.0.6",
        "inherits": "2.0.3",
        "minimatch": "3.0.4",
        "once": "1.4.0",
        "path-is-absolute": "1.0.1"
      }
    },
    "graceful-fs": {
      "version": "4.1.11",
      "resolved": "https://registry.npmjs.org/graceful-fs/-/graceful-fs-4.1.11.tgz",
      "integrity": "sha1-Dovf5NHduIVNZOBOp8AOKgJuVlg="
    },
    "handlebars": {
      "version": "1.3.0",
      "resolved": "https://registry.npmjs.org/handlebars/-/handlebars-1.3.0.tgz",
      "integrity": "sha1-npsTCpPjiUkTItl1zz7BgYw3zjQ=",
      "requires": {
        "optimist": "0.3.7",
        "uglify-js": "2.3.6"
      }
    },
    "he": {
      "version": "0.5.0",
      "resolved": "https://registry.npmjs.org/he/-/he-0.5.0.tgz",
      "integrity": "sha1-LAX/rvkLaOhg8/0rVO9YCYknfuI="
    },
    "highlight.js": {
      "version": "8.3.0",
      "resolved": "https://registry.npmjs.org/highlight.js/-/highlight.js-8.3.0.tgz",
      "integrity": "sha1-q3ZTG3ENZdNjrBJTVbrSPf/FxAI="
    },
    "ignorefs": {
      "version": "1.2.0",
      "resolved": "https://registry.npmjs.org/ignorefs/-/ignorefs-1.2.0.tgz",
      "integrity": "sha1-2ln7hYl25KXkNwLM0fKC/byeV1Y=",
      "requires": {
        "editions": "1.3.4",
        "ignorepatterns": "1.1.0"
      }
    },
    "ignorepatterns": {
      "version": "1.1.0",
      "resolved": "https://registry.npmjs.org/ignorepatterns/-/ignorepatterns-1.1.0.tgz",
      "integrity": "sha1-rI9DbyI5td+2bV8NOpBKh6xnzF4="
    },
    "inflight": {
      "version": "1.0.6",
      "resolved": "https://registry.npmjs.org/inflight/-/inflight-1.0.6.tgz",
      "integrity": "sha1-Sb1jMdfQLQwJvJEKEHW6gWW1bfk=",
      "requires": {
        "once": "1.4.0",
        "wrappy": "1.0.2"
      }
    },
    "inherits": {
      "version": "2.0.3",
      "resolved": "https://registry.npmjs.org/inherits/-/inherits-2.0.3.tgz",
      "integrity": "sha1-Yzwsg+PaQqUC9SRmAiSA9CCCYd4="
    },
    "js-base64": {
      "version": "2.1.9",
      "resolved": "https://registry.npmjs.org/js-base64/-/js-base64-2.1.9.tgz",
      "integrity": "sha1-8OgK4DmkvWVLXygfyT8EqRSn/M4="
    },
    "lru-cache": {
      "version": "2.7.3",
      "resolved": "https://registry.npmjs.org/lru-cache/-/lru-cache-2.7.3.tgz",
      "integrity": "sha1-bUUk6LlV+V1PW1iFHOId1y+06VI="
    },
    "marked": {
      "version": "0.3.18",
      "resolved": "https://registry.npmjs.org/marked/-/marked-0.3.18.tgz",
      "integrity": "sha512-49i2QYhfULqaXzNZpxC808PisuCTGT2fgG0zrzdCI9N3rIfAWfW0nggvbXr6zvpynZdOG5+9xNxdzP0kwZnERw=="
    },
    "minimatch": {
      "version": "3.0.4",
      "resolved": "https://registry.npmjs.org/minimatch/-/minimatch-3.0.4.tgz",
      "integrity": "sha512-yJHVQEhyqPLUTgt9B83PXu6W3rx4MvvHvSUvToogpwoGDOUQ+yDrR0HRot+yOCdCO7u4hX3pWft6kWBBcqh0UA==",
      "requires": {
        "brace-expansion": "1.1.11"
      }
    },
    "minimist": {
      "version": "0.0.8",
      "resolved": "https://registry.npmjs.org/minimist/-/minimist-0.0.8.tgz",
      "integrity": "sha1-hX/Kv8M5fSYluCKCYuhqp6ARsF0="
    },
    "mkdirp": {
      "version": "0.5.1",
      "resolved": "https://registry.npmjs.org/mkdirp/-/mkdirp-0.5.1.tgz",
      "integrity": "sha1-MAV0OOrGz3+MR2fzhkjWaX11yQM=",
      "requires": {
        "minimist": "0.0.8"
      }
    },
    "ms": {
      "version": "2.0.0",
      "resolved": "https://registry.npmjs.org/ms/-/ms-2.0.0.tgz",
      "integrity": "sha1-VgiurfwAvmwpAd9fmGF4jeDVl8g="
    },
    "multi-stage-sourcemap": {
      "version": "0.2.1",
      "resolved": "https://registry.npmjs.org/multi-stage-sourcemap/-/multi-stage-sourcemap-0.2.1.tgz",
      "integrity": "sha1-sJ/IWG6qF/gdV1xK0C4Pej9rEQU=",
      "requires": {
        "source-map": "0.1.43"
      }
    },
    "nib": {
      "version": "1.1.2",
      "resolved": "https://registry.npmjs.org/nib/-/nib-1.1.2.tgz",
      "integrity": "sha1-amnt5AgblcDe+L4CSkyK4MLLtsc=",
      "requires": {
        "stylus": "0.54.5"
      },
      "dependencies": {
        "glob": {
          "version": "7.0.6",
          "resolved": "https://registry.npmjs.org/glob/-/glob-7.0.6.tgz",
          "integrity": "sha1-IRuvr0nlJbjNkyYNFKsTYVKz9Xo=",
          "requires": {
            "fs.realpath": "1.0.0",
            "inflight": "1.0.6",
            "inherits": "2.0.3",
            "minimatch": "3.0.4",
            "once": "1.4.0",
            "path-is-absolute": "1.0.1"
          }
        },
        "stylus": {
          "version": "0.54.5",
          "resolved": "https://registry.npmjs.org/stylus/-/stylus-0.54.5.tgz",
          "integrity": "sha1-QrlWCTHKcJDOhRWnmLqeaqPW3Hk=",
          "requires": {
            "css-parse": "1.7.0",
            "debug": "3.1.0",
            "glob": "7.0.6",
            "mkdirp": "0.5.1",
            "sax": "0.5.8",
            "source-map": "0.1.43"
          }
        }
      }
    },
    "once": {
      "version": "1.4.0",
      "resolved": "https://registry.npmjs.org/once/-/once-1.4.0.tgz",
      "integrity": "sha1-WDsap3WWHUsROsF9nFC6753Xa9E=",
      "requires": {
        "wrappy": "1.0.2"
      }
    },
    "optimist": {
      "version": "0.3.7",
      "resolved": "https://registry.npmjs.org/optimist/-/optimist-0.3.7.tgz",
      "integrity": "sha1-yQlBrVnkJzMokjB00s8ufLxuwNk=",
      "requires": {
        "wordwrap": "0.0.3"
      }
    },
    "path-is-absolute": {
      "version": "1.0.1",
      "resolved": "https://registry.npmjs.org/path-is-absolute/-/path-is-absolute-1.0.1.tgz",
      "integrity": "sha1-F0uSaHNVNP+8es5r9TpanhtcX18="
    },
    "postcss": {
      "version": "3.0.7",
      "resolved": "https://registry.npmjs.org/postcss/-/postcss-3.0.7.tgz",
      "integrity": "sha1-y6iwch8CrKBCzC/uhHQYmK0gB3I=",
      "requires": {
        "js-base64": "2.1.9",
        "source-map": "0.1.43"
      }
    },
    "rimraf": {
      "version": "2.6.2",
      "resolved": "https://registry.npmjs.org/rimraf/-/rimraf-2.6.2.tgz",
      "integrity": "sha512-lreewLK/BlghmxtfH36YYVg1i8IAce4TI7oao75I1g245+6BctqTVQiBP3YUJ9C6DQOXJmkYR9X9fCLtCOJc5w==",
      "requires": {
        "glob": "7.1.2"
      }
    },
    "safefs": {
      "version": "3.2.2",
      "resolved": "https://registry.npmjs.org/safefs/-/safefs-3.2.2.tgz",
      "integrity": "sha1-gXDBRE1wOOCMrqBaN0+uL6NJ4Vw=",
      "requires": {
        "graceful-fs": "4.1.11"
      }
    },
    "safeps": {
      "version": "2.2.13",
      "resolved": "https://registry.npmjs.org/safeps/-/safeps-2.2.13.tgz",
      "integrity": "sha1-KxfAbR+1c8ZbFreZb+9lrMNTpL0=",
      "requires": {
        "extract-opts": "2.2.0",
        "safefs": "3.2.2",
        "taskgroup": "4.3.1",
        "typechecker": "2.1.0"
      }
    },
    "sax": {
      "version": "0.5.8",
      "resolved": "https://registry.npmjs.org/sax/-/sax-0.5.8.tgz",
      "integrity": "sha1-1HLbIo6zMcJQaw6MFVJK25OdEsE="
    },
    "sigmund": {
      "version": "1.0.1",
      "resolved": "https://registry.npmjs.org/sigmund/-/sigmund-1.0.1.tgz",
      "integrity": "sha1-P/IfGYytIXX587eBhT/ZTQ0ZtZA="
    },
    "source-map": {
      "version": "0.1.43",
      "resolved": "https://registry.npmjs.org/source-map/-/source-map-0.1.43.tgz",
      "integrity": "sha1-wkvBRspRfBRx9drL4lcbK3+eM0Y=",
      "requires": {
        "amdefine": "1.0.1"
      }
    },
    "stylus": {
      "version": "0.52.4",
      "resolved": "https://registry.npmjs.org/stylus/-/stylus-0.52.4.tgz",
      "integrity": "sha1-ZVG18L/c8p7n8P4KWbfrb/JtJTk=",
      "requires": {
        "css-parse": "1.7.0",
        "debug": "3.1.0",
        "glob": "3.2.11",
        "mkdirp": "0.5.1",
        "sax": "0.5.8",
        "source-map": "0.1.43"
      },
      "dependencies": {
        "glob": {
          "version": "3.2.11",
          "resolved": "https://registry.npmjs.org/glob/-/glob-3.2.11.tgz",
          "integrity": "sha1-Spc/Y1uRkPcV0QmH1cAP0oFevj0=",
          "requires": {
            "inherits": "2.0.3",
            "minimatch": "0.3.0"
          }
        },
        "minimatch": {
          "version": "0.3.0",
          "resolved": "https://registry.npmjs.org/minimatch/-/minimatch-0.3.0.tgz",
          "integrity": "sha1-J12O2qxPG7MyZHIInnlJyDlGmd0=",
          "requires": {
            "lru-cache": "2.7.3",
            "sigmund": "1.0.1"
          }
        }
      }
    },
    "taskgroup": {
      "version": "4.3.1",
      "resolved": "https://registry.npmjs.org/taskgroup/-/taskgroup-4.3.1.tgz",
      "integrity": "sha1-feGT/r12gnPEV3MElwJNUSwnkVo=",
      "requires": {
        "ambi": "2.5.0",
        "csextends": "1.2.0"
      }
    },
    "typechecker": {
      "version": "2.1.0",
      "resolved": "https://registry.npmjs.org/typechecker/-/typechecker-2.1.0.tgz",
      "integrity": "sha1-0cIJOlT/ihn1jP+HfuqlTyJC04M="
    },
    "uglify-js": {
      "version": "2.3.6",
      "resolved": "https://registry.npmjs.org/uglify-js/-/uglify-js-2.3.6.tgz",
      "integrity": "sha1-+gmEdwtCi3qbKoBY9GNV0U/vIRo=",
      "optional": true,
      "requires": {
        "async": "0.2.10",
        "optimist": "0.3.7",
        "source-map": "0.1.43"
      }
    },
    "wordwrap": {
      "version": "0.0.3",
      "resolved": "https://registry.npmjs.org/wordwrap/-/wordwrap-0.0.3.tgz",
      "integrity": "sha1-o9XabNXAvAAI03I0u68b7WMFkQc="
    },
    "wrappy": {
      "version": "1.0.2",
      "resolved": "https://registry.npmjs.org/wrappy/-/wrappy-1.0.2.tgz",
      "integrity": "sha1-tSQ9jz7BqjXxNkYFvA0QNuMKtp8="
    }
  }
}
